
Microsoft Visual Studio Solution File, Format Version 12.00
# Visual Studio Version 16
VisualStudioVersion = 16.0.29728.190
MinimumVisualStudioVersion = 10.0.40219.1
Project("{FAE04EC0-301F-11D3-BF4B-00C04F79EFBC}") = "GildedRoseIlias.ConsoleApp", "GildedRoseIlias.ConsoleApp\GildedRoseIlias.ConsoleApp.csproj", "{176C0214-9136-4079-8DAB-11D7420C3881}"
EndProject
Project("{FAE04EC0-301F-11D3-BF4B-00C04F79EFBC}") = "GildedRoseIlias.Library", "GildedRoseIlias.Library\GildedRoseIlias.Library.csproj", "{B40457B8-EC98-4FF5-A5DD-92040D23B021}"
EndProject
Project("{FAE04EC0-301F-11D3-BF4B-00C04F79EFBC}") = "GildedRoseIlias.Tests", "GildedRoseIlias.Tests\GildedRoseIlias.Tests.csproj", "{990A6E77-2610-4C96-A463-3DD066C814F5}"
EndProject
Global
	GlobalSection(SolutionConfigurationPlatforms) = preSolution
		Debug|Any CPU = Debug|Any CPU
		Release|Any CPU = Release|Any CPU
	EndGlobalSection
	GlobalSection(ProjectConfigurationPlatforms) = postSolution
		{176C0214-9136-4079-8DAB-11D7420C3881}.Debug|Any CPU.ActiveCfg = Debug|Any CPU
		{176C0214-9136-4079-8DAB-11D7420C3881}.Debug|Any CPU.Build.0 = Debug|Any CPU
		{176C0214-9136-4079-8DAB-11D7420C3881}.Release|Any CPU.ActiveCfg = Release|Any CPU
		{176C0214-9136-4079-8DAB-11D7420C3881}.Release|Any CPU.Build.0 = Release|Any CPU
		{B40457B8-EC98-4FF5-A5DD-92040D23B021}.Debug|Any CPU.ActiveCfg = Debug|Any CPU
		{B40457B8-EC98-4FF5-A5DD-92040D23B021}.Debug|Any CPU.Build.0 = Debug|Any CPU
		{B40457B8-EC98-4FF5-A5DD-92040D23B021}.Release|Any CPU.ActiveCfg = Release|Any CPU
		{B40457B8-EC98-4FF5-A5DD-92040D23B021}.Release|Any CPU.Build.0 = Release|Any CPU
		{990A6E77-2610-4C96-A463-3DD066C814F5}.Debug|Any CPU.ActiveCfg = Debug|Any CPU
		{990A6E77-2610-4C96-A463-3DD066C814F5}.Debug|Any CPU.Build.0 = Debug|Any CPU
		{990A6E77-2610-4C96-A463-3DD066C814F5}.Release|Any CPU.ActiveCfg = Release|Any CPU
		{990A6E77-2610-4C96-A463-3DD066C814F5}.Release|Any CPU.Build.0 = Release|Any CPU
	EndGlobalSection
	GlobalSection(SolutionProperties) = preSolution
		HideSolutionNode = FALSE
	EndGlobalSection
	GlobalSection(ExtensibilityGlobals) = postSolution
		SolutionGuid = {60B3D739-F73C-46F0-B949-D476848DB38B}
	EndGlobalSection
EndGlobal
